
Microsoft Visual Studio Solution File, Format Version 12.00
# Visual Studio 15
Project("{FAE04EC0-301F-11D3-BF4B-00C04F79EFBC}") = "Assembly-CSharp", "Assembly-CSharp.csproj", "{D3F23514-72BA-563B-7502-008442E35FE9}"
EndProject
Project("{FAE04EC0-301F-11D3-BF4B-00C04F79EFBC}") = "sc.fae.editor", "sc.fae.editor.csproj", "{C06AB91C-DEF5-7528-D4BD-0E24BC474FF7}"
EndProject
Project("{FAE04EC0-301F-11D3-BF4B-00C04F79EFBC}") = "sc.fae.runtime", "sc.fae.runtime.csproj", "{8B5C64CD-7263-E48F-5B8B-21C3C8D3C82A}"
EndProject
Global
	GlobalSection(SolutionConfigurationPlatforms) = preSolution
		Debug|Any CPU = Debug|Any CPU
		Release|Any CPU = Release|Any CPU
	EndGlobalSection
	GlobalSection(ProjectConfigurationPlatforms) = postSolution
		{D3F23514-72BA-563B-7502-008442E35FE9}.Debug|Any CPU.ActiveCfg = Debug|Any CPU
		{D3F23514-72BA-563B-7502-008442E35FE9}.Debug|Any CPU.Build.0 = Debug|Any CPU
		{D3F23514-72BA-563B-7502-008442E35FE9}.Release|Any CPU.ActiveCfg = Release|Any CPU
		{D3F23514-72BA-563B-7502-008442E35FE9}.Release|Any CPU.Build.0 = Release|Any CPU
		{C06AB91C-DEF5-7528-D4BD-0E24BC474FF7}.Debug|Any CPU.ActiveCfg = Debug|Any CPU
		{C06AB91C-DEF5-7528-D4BD-0E24BC474FF7}.Debug|Any CPU.Build.0 = Debug|Any CPU
		{C06AB91C-DEF5-7528-D4BD-0E24BC474FF7}.Release|Any CPU.ActiveCfg = Release|Any CPU
		{C06AB91C-DEF5-7528-D4BD-0E24BC474FF7}.Release|Any CPU.Build.0 = Release|Any CPU
		{8B5C64CD-7263-E48F-5B8B-21C3C8D3C82A}.Debug|Any CPU.ActiveCfg = Debug|Any CPU
		{8B5C64CD-7263-E48F-5B8B-21C3C8D3C82A}.Debug|Any CPU.Build.0 = Debug|Any CPU
		{8B5C64CD-7263-E48F-5B8B-21C3C8D3C82A}.Release|Any CPU.ActiveCfg = Release|Any CPU
		{8B5C64CD-7263-E48F-5B8B-21C3C8D3C82A}.Release|Any CPU.Build.0 = Release|Any CPU
	EndGlobalSection
	GlobalSection(SolutionProperties) = preSolution
		HideSolutionNode = FALSE
	EndGlobalSection
EndGlobal
